{
  "name": "nova-site",
  "version": "1.0.0",
  "lockfileVersion": 3,
  "requires": true,
  "packages": {
    "": {
      "name": "nova-site",
      "version": "1.0.0",
      "dependencies": {
        "@nova/accounts": "file:./packages/nova-accounts"
      },
      "engines": {
        "node": ">=20"
      }
    },
    "node_modules/@nova/accounts": {
      "resolved": "packages/nova-accounts",
      "link": true
    },
    "packages/nova-accounts": {
      "name": "@nova/accounts",
      "version": "1.0.0",
      "engines": {
        "node": ">=20"
      }
    }
  }
}
